// !$*UTF8*$!
{
	archiveVersion = 1;
	classes = {
	};
	objectVersion = 55;
	objects = {

/* Begin PBXBuildFile section */
		7D9BCFF1561147C312D5C207 /* Pods_Bike_Kollective_Bike_KollectiveUITests.framework in Frameworks */ = {isa = PBXBuildFile; fileRef = A345360B3AFE7C554DE66E23 /* Pods_Bike_Kollective_Bike_KollectiveUITests.framework */; };
		BF5B6B192797B396000BFFF5 /* LoginViewController.swift in Sources */ = {isa = PBXBuildFile; fileRef = BF5B6B182797B396000BFFF5 /* LoginViewController.swift */; };
		BF5B6B1B2797B3B7000BFFF5 /* AddBikeViewController.swift in Sources */ = {isa = PBXBuildFile; fileRef = BF5B6B1A2797B3B7000BFFF5 /* AddBikeViewController.swift */; };
		BF5B6B1D2797B3CA000BFFF5 /* BikeDetailViewController.swift in Sources */ = {isa = PBXBuildFile; fileRef = BF5B6B1C2797B3CA000BFFF5 /* BikeDetailViewController.swift */; };
		BF5B6B1F2797B3D7000BFFF5 /* MapViewController.swift in Sources */ = {isa = PBXBuildFile; fileRef = BF5B6B1E2797B3D7000BFFF5 /* MapViewController.swift */; };
		BF5B6B212797B3EA000BFFF5 /* ListViewController.swift in Sources */ = {isa = PBXBuildFile; fileRef = BF5B6B202797B3EA000BFFF5 /* ListViewController.swift */; };
		BF5B6B232797B3FF000BFFF5 /* ProfileViewController.swift in Sources */ = {isa = PBXBuildFile; fileRef = BF5B6B222797B3FF000BFFF5 /* ProfileViewController.swift */; };
		BFBAF740278E1F61004B80EB /* AppDelegate.swift in Sources */ = {isa = PBXBuildFile; fileRef = BFBAF73F278E1F61004B80EB /* AppDelegate.swift */; };
		BFBAF742278E1F61004B80EB /* SceneDelegate.swift in Sources */ = {isa = PBXBuildFile; fileRef = BFBAF741278E1F61004B80EB /* SceneDelegate.swift */; };
		BFBAF744278E1F61004B80EB /* ViewController.swift in Sources */ = {isa = PBXBuildFile; fileRef = BFBAF743278E1F61004B80EB /* ViewController.swift */; };
		BFBAF747278E1F61004B80EB /* Main.storyboard in Resources */ = {isa = PBXBuildFile; fileRef = BFBAF745278E1F61004B80EB /* Main.storyboard */; };
		BFBAF749278E1F63004B80EB /* Assets.xcassets in Resources */ = {isa = PBXBuildFile; fileRef = BFBAF748278E1F63004B80EB /* Assets.xcassets */; };
		BFBAF74C278E1F64004B80EB /* LaunchScreen.storyboard in Resources */ = {isa = PBXBuildFile; fileRef = BFBAF74A278E1F64004B80EB /* LaunchScreen.storyboard */; };
		BFBAF757278E1F64004B80EB /* Bike_KollectiveTests.swift in Sources */ = {isa = PBXBuildFile; fileRef = BFBAF756278E1F64004B80EB /* Bike_KollectiveTests.swift */; };
		BFBAF761278E1F64004B80EB /* Bike_KollectiveUITests.swift in Sources */ = {isa = PBXBuildFile; fileRef = BFBAF760278E1F64004B80EB /* Bike_KollectiveUITests.swift */; };
		BFBAF763278E1F64004B80EB /* Bike_KollectiveUITestsLaunchTests.swift in Sources */ = {isa = PBXBuildFile; fileRef = BFBAF762278E1F64004B80EB /* Bike_KollectiveUITestsLaunchTests.swift */; };
		D5A4957F088E2562F20270FB /* Pods_Bike_KollectiveTests.framework in Frameworks */ = {isa = PBXBuildFile; fileRef = 5E3714CDB63462359C4A7EB4 /* Pods_Bike_KollectiveTests.framework */; };
		E14FCFDF43679C78B4BF921E /* Pods_Bike_Kollective.framework in Frameworks */ = {isa = PBXBuildFile; fileRef = 91270AC8D034E54125C95991 /* Pods_Bike_Kollective.framework */; };
		FE4C8157279B6081000DDB56 /* GoogleService-Info.plist in Resources */ = {isa = PBXBuildFile; fileRef = FE4C8156279B6081000DDB56 /* GoogleService-Info.plist */; };
/* End PBXBuildFile section */

/* Begin PBXContainerItemProxy section */
		BFBAF753278E1F64004B80EB /* PBXContainerItemProxy */ = {
			isa = PBXContainerItemProxy;
			containerPortal = BFBAF734278E1F61004B80EB /* Project object */;
			proxyType = 1;
			remoteGlobalIDString = BFBAF73B278E1F61004B80EB;
			remoteInfo = "Bike Kollective";
		};
		BFBAF75D278E1F64004B80EB /* PBXContainerItemProxy */ = {
			isa = PBXContainerItemProxy;
			containerPortal = BFBAF734278E1F61004B80EB /* Project object */;
			proxyType = 1;
			remoteGlobalIDString = BFBAF73B278E1F61004B80EB;
			remoteInfo = "Bike Kollective";
		};
/* End PBXContainerItemProxy section */

/* Begin PBXFileReference section */
		07AF57D97A281221BD36FF47 /* Pods-Bike Kollective.release.xcconfig */ = {isa = PBXFileReference; includeInIndex = 1; lastKnownFileType = text.xcconfig; name = "Pods-Bike Kollective.release.xcconfig"; path = "Target Support Files/Pods-Bike Kollective/Pods-Bike Kollective.release.xcconfig"; sourceTree = "<group>"; };
		0AE13823124896B96B139712 /* Pods-Bike KollectiveTests.debug.xcconfig */ = {isa = PBXFileReference; includeInIndex = 1; lastKnownFileType = text.xcconfig; name = "Pods-Bike KollectiveTests.debug.xcconfig"; path = "Target Support Files/Pods-Bike KollectiveTests/Pods-Bike KollectiveTests.debug.xcconfig"; sourceTree = "<group>"; };
		5E3714CDB63462359C4A7EB4 /* Pods_Bike_KollectiveTests.framework */ = {isa = PBXFileReference; explicitFileType = wrapper.framework; includeInIndex = 0; path = Pods_Bike_KollectiveTests.framework; sourceTree = BUILT_PRODUCTS_DIR; };
		7A107A8875D5BC03E34681CB /* Pods-Bike KollectiveTests.release.xcconfig */ = {isa = PBXFileReference; includeInIndex = 1; lastKnownFileType = text.xcconfig; name = "Pods-Bike KollectiveTests.release.xcconfig"; path = "Target Support Files/Pods-Bike KollectiveTests/Pods-Bike KollectiveTests.release.xcconfig"; sourceTree = "<group>"; };
		8BD6AA0C032BA90F821A6824 /* Pods-Bike Kollective-Bike KollectiveUITests.release.xcconfig */ = {isa = PBXFileReference; includeInIndex = 1; lastKnownFileType = text.xcconfig; name = "Pods-Bike Kollective-Bike KollectiveUITests.release.xcconfig"; path = "Target Support Files/Pods-Bike Kollective-Bike KollectiveUITests/Pods-Bike Kollective-Bike KollectiveUITests.release.xcconfig"; sourceTree = "<group>"; };
		91270AC8D034E54125C95991 /* Pods_Bike_Kollective.framework */ = {isa = PBXFileReference; explicitFileType = wrapper.framework; includeInIndex = 0; path = Pods_Bike_Kollective.framework; sourceTree = BUILT_PRODUCTS_DIR; };
		959F5D8A64CF507087BCB6E0 /* Pods-Bike Kollective.debug.xcconfig */ = {isa = PBXFileReference; includeInIndex = 1; lastKnownFileType = text.xcconfig; name = "Pods-Bike Kollective.debug.xcconfig"; path = "Target Support Files/Pods-Bike Kollective/Pods-Bike Kollective.debug.xcconfig"; sourceTree = "<group>"; };
		A345360B3AFE7C554DE66E23 /* Pods_Bike_Kollective_Bike_KollectiveUITests.framework */ = {isa = PBXFileReference; explicitFileType = wrapper.framework; includeInIndex = 0; path = Pods_Bike_Kollective_Bike_KollectiveUITests.framework; sourceTree = BUILT_PRODUCTS_DIR; };
		BF5B6B182797B396000BFFF5 /* LoginViewController.swift */ = {isa = PBXFileReference; lastKnownFileType = sourcecode.swift; path = LoginViewController.swift; sourceTree = "<group>"; };
		BF5B6B1A2797B3B7000BFFF5 /* AddBikeViewController.swift */ = {isa = PBXFileReference; lastKnownFileType = sourcecode.swift; path = AddBikeViewController.swift; sourceTree = "<group>"; };
		BF5B6B1C2797B3CA000BFFF5 /* BikeDetailViewController.swift */ = {isa = PBXFileReference; lastKnownFileType = sourcecode.swift; path = BikeDetailViewController.swift; sourceTree = "<group>"; };
		BF5B6B1E2797B3D7000BFFF5 /* MapViewController.swift */ = {isa = PBXFileReference; lastKnownFileType = sourcecode.swift; path = MapViewController.swift; sourceTree = "<group>"; };
		BF5B6B202797B3EA000BFFF5 /* ListViewController.swift */ = {isa = PBXFileReference; lastKnownFileType = sourcecode.swift; path = ListViewController.swift; sourceTree = "<group>"; };
		BF5B6B222797B3FF000BFFF5 /* ProfileViewController.swift */ = {isa = PBXFileReference; lastKnownFileType = sourcecode.swift; path = ProfileViewController.swift; sourceTree = "<group>"; };
		BFBAF73C278E1F61004B80EB /* Bike Kollective.app */ = {isa = PBXFileReference; explicitFileType = wrapper.application; includeInIndex = 0; path = "Bike Kollective.app"; sourceTree = BUILT_PRODUCTS_DIR; };
		BFBAF73F278E1F61004B80EB /* AppDelegate.swift */ = {isa = PBXFileReference; lastKnownFileType = sourcecode.swift; path = AppDelegate.swift; sourceTree = "<group>"; };
		BFBAF741278E1F61004B80EB /* SceneDelegate.swift */ = {isa = PBXFileReference; lastKnownFileType = sourcecode.swift; path = SceneDelegate.swift; sourceTree = "<group>"; };
		BFBAF743278E1F61004B80EB /* ViewController.swift */ = {isa = PBXFileReference; lastKnownFileType = sourcecode.swift; path = ViewController.swift; sourceTree = "<group>"; };
		BFBAF746278E1F61004B80EB /* Base */ = {isa = PBXFileReference; lastKnownFileType = file.storyboard; name = Base; path = Base.lproj/Main.storyboard; sourceTree = "<group>"; };
		BFBAF748278E1F63004B80EB /* Assets.xcassets */ = {isa = PBXFileReference; lastKnownFileType = folder.assetcatalog; path = Assets.xcassets; sourceTree = "<group>"; };
		BFBAF74B278E1F64004B80EB /* Base */ = {isa = PBXFileReference; lastKnownFileType = file.storyboard; name = Base; path = Base.lproj/LaunchScreen.storyboard; sourceTree = "<group>"; };
		BFBAF74D278E1F64004B80EB /* Info.plist */ = {isa = PBXFileReference; lastKnownFileType = text.plist.xml; path = Info.plist; sourceTree = "<group>"; };
		BFBAF752278E1F64004B80EB /* Bike KollectiveTests.xctest */ = {isa = PBXFileReference; explicitFileType = wrapper.cfbundle; includeInIndex = 0; path = "Bike KollectiveTests.xctest"; sourceTree = BUILT_PRODUCTS_DIR; };
		BFBAF756278E1F64004B80EB /* Bike_KollectiveTests.swift */ = {isa = PBXFileReference; lastKnownFileType = sourcecode.swift; path = Bike_KollectiveTests.swift; sourceTree = "<group>"; };
		BFBAF75C278E1F64004B80EB /* Bike KollectiveUITests.xctest */ = {isa = PBXFileReference; explicitFileType = wrapper.cfbundle; includeInIndex = 0; path = "Bike KollectiveUITests.xctest"; sourceTree = BUILT_PRODUCTS_DIR; };
		BFBAF760278E1F64004B80EB /* Bike_KollectiveUITests.swift */ = {isa = PBXFileReference; lastKnownFileType = sourcecode.swift; path = Bike_KollectiveUITests.swift; sourceTree = "<group>"; };
		BFBAF762278E1F64004B80EB /* Bike_KollectiveUITestsLaunchTests.swift */ = {isa = PBXFileReference; lastKnownFileType = sourcecode.swift; path = Bike_KollectiveUITestsLaunchTests.swift; sourceTree = "<group>"; };
		C2C798E3B90ADEC242DA3179 /* Pods-Bike Kollective-Bike KollectiveUITests.debug.xcconfig */ = {isa = PBXFileReference; includeInIndex = 1; lastKnownFileType = text.xcconfig; name = "Pods-Bike Kollective-Bike KollectiveUITests.debug.xcconfig"; path = "Target Support Files/Pods-Bike Kollective-Bike KollectiveUITests/Pods-Bike Kollective-Bike KollectiveUITests.debug.xcconfig"; sourceTree = "<group>"; };
		FE4C8156279B6081000DDB56 /* GoogleService-Info.plist */ = {isa = PBXFileReference; fileEncoding = 4; lastKnownFileType = text.plist.xml; path = "GoogleService-Info.plist"; sourceTree = "<group>"; };
/* End PBXFileReference section */

/* Begin PBXFrameworksBuildPhase section */
		BFBAF739278E1F61004B80EB /* Frameworks */ = {
			isa = PBXFrameworksBuildPhase;
			buildActionMask = 2147483647;
			files = (
				E14FCFDF43679C78B4BF921E /* Pods_Bike_Kollective.framework in Frameworks */,
			);
			runOnlyForDeploymentPostprocessing = 0;
		};
		BFBAF74F278E1F64004B80EB /* Frameworks */ = {
			isa = PBXFrameworksBuildPhase;
			buildActionMask = 2147483647;
			files = (
				D5A4957F088E2562F20270FB /* Pods_Bike_KollectiveTests.framework in Frameworks */,
			);
			runOnlyForDeploymentPostprocessing = 0;
		};
		BFBAF759278E1F64004B80EB /* Frameworks */ = {
			isa = PBXFrameworksBuildPhase;
			buildActionMask = 2147483647;
			files = (
				7D9BCFF1561147C312D5C207 /* Pods_Bike_Kollective_Bike_KollectiveUITests.framework in Frameworks */,
			);
			runOnlyForDeploymentPostprocessing = 0;
		};
/* End PBXFrameworksBuildPhase section */

/* Begin PBXGroup section */
		AF1FF22A0A03162061255F51 /* Pods */ = {
			isa = PBXGroup;
			children = (
				959F5D8A64CF507087BCB6E0 /* Pods-Bike Kollective.debug.xcconfig */,
				07AF57D97A281221BD36FF47 /* Pods-Bike Kollective.release.xcconfig */,
				C2C798E3B90ADEC242DA3179 /* Pods-Bike Kollective-Bike KollectiveUITests.debug.xcconfig */,
				8BD6AA0C032BA90F821A6824 /* Pods-Bike Kollective-Bike KollectiveUITests.release.xcconfig */,
				0AE13823124896B96B139712 /* Pods-Bike KollectiveTests.debug.xcconfig */,
				7A107A8875D5BC03E34681CB /* Pods-Bike KollectiveTests.release.xcconfig */,
			);
			path = Pods;
			sourceTree = "<group>";
		};
		BF5B6B172797B355000BFFF5 /* Views */ = {
			isa = PBXGroup;
			children = (
				BFBAF743278E1F61004B80EB /* ViewController.swift */,
				BF5B6B182797B396000BFFF5 /* LoginViewController.swift */,
				BF5B6B1A2797B3B7000BFFF5 /* AddBikeViewController.swift */,
				BF5B6B1C2797B3CA000BFFF5 /* BikeDetailViewController.swift */,
				BF5B6B1E2797B3D7000BFFF5 /* MapViewController.swift */,
				BF5B6B202797B3EA000BFFF5 /* ListViewController.swift */,
				BF5B6B222797B3FF000BFFF5 /* ProfileViewController.swift */,
			);
			path = Views;
			sourceTree = "<group>";
		};
		BFBAF733278E1F61004B80EB = {
			isa = PBXGroup;
			children = (
				BFBAF73E278E1F61004B80EB /* Bike Kollective */,
				BFBAF755278E1F64004B80EB /* Bike KollectiveTests */,
				BFBAF75F278E1F64004B80EB /* Bike KollectiveUITests */,
				BFBAF73D278E1F61004B80EB /* Products */,
				AF1FF22A0A03162061255F51 /* Pods */,
				C49F71677D145396C8E9A327 /* Frameworks */,
			);
			sourceTree = "<group>";
		};
		BFBAF73D278E1F61004B80EB /* Products */ = {
			isa = PBXGroup;
			children = (
				BFBAF73C278E1F61004B80EB /* Bike Kollective.app */,
				BFBAF752278E1F64004B80EB /* Bike KollectiveTests.xctest */,
				BFBAF75C278E1F64004B80EB /* Bike KollectiveUITests.xctest */,
			);
			name = Products;
			sourceTree = "<group>";
		};
		BFBAF73E278E1F61004B80EB /* Bike Kollective */ = {
			isa = PBXGroup;
			children = (
				BF5B6B172797B355000BFFF5 /* Views */,
				BFBAF73F278E1F61004B80EB /* AppDelegate.swift */,
				BFBAF741278E1F61004B80EB /* SceneDelegate.swift */,
				BFBAF745278E1F61004B80EB /* Main.storyboard */,
				BFBAF748278E1F63004B80EB /* Assets.xcassets */,
				BFBAF74A278E1F64004B80EB /* LaunchScreen.storyboard */,
				BFBAF74D278E1F64004B80EB /* Info.plist */,
				FE4C8156279B6081000DDB56 /* GoogleService-Info.plist */,
			);
			path = "Bike Kollective";
			sourceTree = "<group>";
		};
		BFBAF755278E1F64004B80EB /* Bike KollectiveTests */ = {
			isa = PBXGroup;
			children = (
				BFBAF756278E1F64004B80EB /* Bike_KollectiveTests.swift */,
			);
			path = "Bike KollectiveTests";
			sourceTree = "<group>";
		};
		BFBAF75F278E1F64004B80EB /* Bike KollectiveUITests */ = {
			isa = PBXGroup;
			children = (
				BFBAF760278E1F64004B80EB /* Bike_KollectiveUITests.swift */,
				BFBAF762278E1F64004B80EB /* Bike_KollectiveUITestsLaunchTests.swift */,
			);
			path = "Bike KollectiveUITests";
			sourceTree = "<group>";
		};
		C49F71677D145396C8E9A327 /* Frameworks */ = {
			isa = PBXGroup;
			children = (
				91270AC8D034E54125C95991 /* Pods_Bike_Kollective.framework */,
				A345360B3AFE7C554DE66E23 /* Pods_Bike_Kollective_Bike_KollectiveUITests.framework */,
				5E3714CDB63462359C4A7EB4 /* Pods_Bike_KollectiveTests.framework */,
			);
			name = Frameworks;
			sourceTree = "<group>";
		};
/* End PBXGroup section */

/* Begin PBXNativeTarget section */
		BFBAF73B278E1F61004B80EB /* Bike Kollective */ = {
			isa = PBXNativeTarget;
			buildConfigurationList = BFBAF766278E1F64004B80EB /* Build configuration list for PBXNativeTarget "Bike Kollective" */;
			buildPhases = (
				C5ACF277C1AF7ACC7CD3880E /* [CP] Check Pods Manifest.lock */,
				BFBAF738278E1F61004B80EB /* Sources */,
				BFBAF739278E1F61004B80EB /* Frameworks */,
				BFBAF73A278E1F61004B80EB /* Resources */,
				271FC8375EF885FA10AF25DF /* [CP] Embed Pods Frameworks */,
				9FD2BB254FA9C54EBA3FE1A5 /* [CP] Copy Pods Resources */,
			);
			buildRules = (
			);
			dependencies = (
			);
			name = "Bike Kollective";
			productName = "Bike Kollective";
			productReference = BFBAF73C278E1F61004B80EB /* Bike Kollective.app */;
			productType = "com.apple.product-type.application";
		};
		BFBAF751278E1F64004B80EB /* Bike KollectiveTests */ = {
			isa = PBXNativeTarget;
			buildConfigurationList = BFBAF769278E1F64004B80EB /* Build configuration list for PBXNativeTarget "Bike KollectiveTests" */;
			buildPhases = (
				DC7B89C38028F1A4D1A07039 /* [CP] Check Pods Manifest.lock */,
				BFBAF74E278E1F64004B80EB /* Sources */,
				BFBAF74F278E1F64004B80EB /* Frameworks */,
				BFBAF750278E1F64004B80EB /* Resources */,
			);
			buildRules = (
			);
			dependencies = (
				BFBAF754278E1F64004B80EB /* PBXTargetDependency */,
			);
			name = "Bike KollectiveTests";
			productName = "Bike KollectiveTests";
			productReference = BFBAF752278E1F64004B80EB /* Bike KollectiveTests.xctest */;
			productType = "com.apple.product-type.bundle.unit-test";
		};
		BFBAF75B278E1F64004B80EB /* Bike KollectiveUITests */ = {
			isa = PBXNativeTarget;
			buildConfigurationList = BFBAF76C278E1F64004B80EB /* Build configuration list for PBXNativeTarget "Bike KollectiveUITests" */;
			buildPhases = (
				E78838ACC7C3D6ABACB9FB3B /* [CP] Check Pods Manifest.lock */,
				BFBAF758278E1F64004B80EB /* Sources */,
				BFBAF759278E1F64004B80EB /* Frameworks */,
				BFBAF75A278E1F64004B80EB /* Resources */,
				3D82806D58C95A87A9B4CAAC /* [CP] Embed Pods Frameworks */,
				C5BE4C88BC419DFC01B0DE66 /* [CP] Copy Pods Resources */,
			);
			buildRules = (
			);
			dependencies = (
				BFBAF75E278E1F64004B80EB /* PBXTargetDependency */,
			);
			name = "Bike KollectiveUITests";
			productName = "Bike KollectiveUITests";
			productReference = BFBAF75C278E1F64004B80EB /* Bike KollectiveUITests.xctest */;
			productType = "com.apple.product-type.bundle.ui-testing";
		};
/* End PBXNativeTarget section */

/* Begin PBXProject section */
		BFBAF734278E1F61004B80EB /* Project object */ = {
			isa = PBXProject;
			attributes = {
				BuildIndependentTargetsInParallel = 1;
				LastSwiftUpdateCheck = 1310;
				LastUpgradeCheck = 1310;
				TargetAttributes = {
					BFBAF73B278E1F61004B80EB = {
						CreatedOnToolsVersion = 13.1;
					};
					BFBAF751278E1F64004B80EB = {
						CreatedOnToolsVersion = 13.1;
						TestTargetID = BFBAF73B278E1F61004B80EB;
					};
					BFBAF75B278E1F64004B80EB = {
						CreatedOnToolsVersion = 13.1;
						TestTargetID = BFBAF73B278E1F61004B80EB;
					};
				};
			};
			buildConfigurationList = BFBAF737278E1F61004B80EB /* Build configuration list for PBXProject "Bike Kollective" */;
			compatibilityVersion = "Xcode 13.0";
			developmentRegion = en;
			hasScannedForEncodings = 0;
			knownRegions = (
				en,
				Base,
			);
			mainGroup = BFBAF733278E1F61004B80EB;
			productRefGroup = BFBAF73D278E1F61004B80EB /* Products */;
			projectDirPath = "";
			projectRoot = "";
			targets = (
				BFBAF73B278E1F61004B80EB /* Bike Kollective */,
				BFBAF751278E1F64004B80EB /* Bike KollectiveTests */,
				BFBAF75B278E1F64004B80EB /* Bike KollectiveUITests */,
			);
		};
/* End PBXProject section */

/* Begin PBXResourcesBuildPhase section */
		BFBAF73A278E1F61004B80EB /* Resources */ = {
			isa = PBXResourcesBuildPhase;
			buildActionMask = 2147483647;
			files = (
				BFBAF74C278E1F64004B80EB /* LaunchScreen.storyboard in Resources */,
				FE4C8157279B6081000DDB56 /* GoogleService-Info.plist in Resources */,
				BFBAF749278E1F63004B80EB /* Assets.xcassets in Resources */,
				BFBAF747278E1F61004B80EB /* Main.storyboard in Resources */,
			);
			runOnlyForDeploymentPostprocessing = 0;
		};
		BFBAF750278E1F64004B80EB /* Resources */ = {
			isa = PBXResourcesBuildPhase;
			buildActionMask = 2147483647;
			files = (
			);
			runOnlyForDeploymentPostprocessing = 0;
		};
		BFBAF75A278E1F64004B80EB /* Resources */ = {
			isa = PBXResourcesBuildPhase;
			buildActionMask = 2147483647;
			files = (
			);
			runOnlyForDeploymentPostprocessing = 0;
		};
/* End PBXResourcesBuildPhase section */

/* Begin PBXShellScriptBuildPhase section */
		271FC8375EF885FA10AF25DF /* [CP] Embed Pods Frameworks */ = {
			isa = PBXShellScriptBuildPhase;
			buildActionMask = 2147483647;
			files = (
			);
			inputFileListPaths = (
				"${PODS_ROOT}/Target Support Files/Pods-Bike Kollective/Pods-Bike Kollective-frameworks-${CONFIGURATION}-input-files.xcfilelist",
			);
			name = "[CP] Embed Pods Frameworks";
			outputFileListPaths = (
				"${PODS_ROOT}/Target Support Files/Pods-Bike Kollective/Pods-Bike Kollective-frameworks-${CONFIGURATION}-output-files.xcfilelist",
			);
			runOnlyForDeploymentPostprocessing = 0;
			shellPath = /bin/sh;
			shellScript = "\"${PODS_ROOT}/Target Support Files/Pods-Bike Kollective/Pods-Bike Kollective-frameworks.sh\"\n";
			showEnvVarsInLog = 0;
		};
		3D82806D58C95A87A9B4CAAC /* [CP] Embed Pods Frameworks */ = {
			isa = PBXShellScriptBuildPhase;
			buildActionMask = 2147483647;
			files = (
			);
			inputFileListPaths = (
				"${PODS_ROOT}/Target Support Files/Pods-Bike Kollective-Bike KollectiveUITests/Pods-Bike Kollective-Bike KollectiveUITests-frameworks-${CONFIGURATION}-input-files.xcfilelist",
			);
			name = "[CP] Embed Pods Frameworks";
			outputFileListPaths = (
				"${PODS_ROOT}/Target Support Files/Pods-Bike Kollective-Bike KollectiveUITests/Pods-Bike Kollective-Bike KollectiveUITests-frameworks-${CONFIGURATION}-output-files.xcfilelist",
			);
			runOnlyForDeploymentPostprocessing = 0;
			shellPath = /bin/sh;
			shellScript = "\"${PODS_ROOT}/Target Support Files/Pods-Bike Kollective-Bike KollectiveUITests/Pods-Bike Kollective-Bike KollectiveUITests-frameworks.sh\"\n";
			showEnvVarsInLog = 0;
		};
		9FD2BB254FA9C54EBA3FE1A5 /* [CP] Copy Pods Resources */ = {
			isa = PBXShellScriptBuildPhase;
			buildActionMask = 2147483647;
			files = (
			);
			inputFileListPaths = (
				"${PODS_ROOT}/Target Support Files/Pods-Bike Kollective/Pods-Bike Kollective-resources-${CONFIGURATION}-input-files.xcfilelist",
			);
			name = "[CP] Copy Pods Resources";
			outputFileListPaths = (
				"${PODS_ROOT}/Target Support Files/Pods-Bike Kollective/Pods-Bike Kollective-resources-${CONFIGURATION}-output-files.xcfilelist",
			);
			runOnlyForDeploymentPostprocessing = 0;
			shellPath = /bin/sh;
			shellScript = "\"${PODS_ROOT}/Target Support Files/Pods-Bike Kollective/Pods-Bike Kollective-resources.sh\"\n";
			showEnvVarsInLog = 0;
		};
		C5ACF277C1AF7ACC7CD3880E /* [CP] Check Pods Manifest.lock */ = {
			isa = PBXShellScriptBuildPhase;
			buildActionMask = 2147483647;
			files = (
			);
			inputFileListPaths = (
			);
			inputPaths = (
				"${PODS_PODFILE_DIR_PATH}/Podfile.lock",
				"${PODS_ROOT}/Manifest.lock",
			);
			name = "[CP] Check Pods Manifest.lock";
			outputFileListPaths = (
			);
			outputPaths = (
				"$(DERIVED_FILE_DIR)/Pods-Bike Kollective-checkManifestLockResult.txt",
			);
			runOnlyForDeploymentPostprocessing = 0;
			shellPath = /bin/sh;
			shellScript = "diff \"${PODS_PODFILE_DIR_PATH}/Podfile.lock\" \"${PODS_ROOT}/Manifest.lock\" > /dev/null\nif [ $? != 0 ] ; then\n    # print error to STDERR\n    echo \"error: The sandbox is not in sync with the Podfile.lock. Run 'pod install' or update your CocoaPods installation.\" >&2\n    exit 1\nfi\n# This output is used by Xcode 'outputs' to avoid re-running this script phase.\necho \"SUCCESS\" > \"${SCRIPT_OUTPUT_FILE_0}\"\n";
			showEnvVarsInLog = 0;
		};
		C5BE4C88BC419DFC01B0DE66 /* [CP] Copy Pods Resources */ = {
			isa = PBXShellScriptBuildPhase;
			buildActionMask = 2147483647;
			files = (
			);
			inputFileListPaths = (
				"${PODS_ROOT}/Target Support Files/Pods-Bike Kollective-Bike KollectiveUITests/Pods-Bike Kollective-Bike KollectiveUITests-resources-${CONFIGURATION}-input-files.xcfilelist",
			);
			name = "[CP] Copy Pods Resources";
			outputFileListPaths = (
				"${PODS_ROOT}/Target Support Files/Pods-Bike Kollective-Bike KollectiveUITests/Pods-Bike Kollective-Bike KollectiveUITests-resources-${CONFIGURATION}-output-files.xcfilelist",
			);
			runOnlyForDeploymentPostprocessing = 0;
			shellPath = /bin/sh;
			shellScript = "\"${PODS_ROOT}/Target Support Files/Pods-Bike Kollective-Bike KollectiveUITests/Pods-Bike Kollective-Bike KollectiveUITests-resources.sh\"\n";
			showEnvVarsInLog = 0;
		};
		DC7B89C38028F1A4D1A07039 /* [CP] Check Pods Manifest.lock */ = {
			isa = PBXShellScriptBuildPhase;
			buildActionMask = 2147483647;
			files = (
			);
			inputFileListPaths = (
			);
			inputPaths = (
				"${PODS_PODFILE_DIR_PATH}/Podfile.lock",
				"${PODS_ROOT}/Manifest.lock",
			);
			name = "[CP] Check Pods Manifest.lock";
			outputFileListPaths = (
			);
			outputPaths = (
				"$(DERIVED_FILE_DIR)/Pods-Bike KollectiveTests-checkManifestLockResult.txt",
			);
			runOnlyForDeploymentPostprocessing = 0;
			shellPath = /bin/sh;
			shellScript = "diff \"${PODS_PODFILE_DIR_PATH}/Podfile.lock\" \"${PODS_ROOT}/Manifest.lock\" > /dev/null\nif [ $? != 0 ] ; then\n    # print error to STDERR\n    echo \"error: The sandbox is not in sync with the Podfile.lock. Run 'pod install' or update your CocoaPods installation.\" >&2\n    exit 1\nfi\n# This output is used by Xcode 'outputs' to avoid re-running this script phase.\necho \"SUCCESS\" > \"${SCRIPT_OUTPUT_FILE_0}\"\n";
			showEnvVarsInLog = 0;
		};
		E78838ACC7C3D6ABACB9FB3B /* [CP] Check Pods Manifest.lock */ = {
			isa = PBXShellScriptBuildPhase;
			buildActionMask = 2147483647;
			files = (
			);
			inputFileListPaths = (
			);
			inputPaths = (
				"${PODS_PODFILE_DIR_PATH}/Podfile.lock",
				"${PODS_ROOT}/Manifest.lock",
			);
			name = "[CP] Check Pods Manifest.lock";
			outputFileListPaths = (
			);
			outputPaths = (
				"$(DERIVED_FILE_DIR)/Pods-Bike Kollective-Bike KollectiveUITests-checkManifestLockResult.txt",
			);
			runOnlyForDeploymentPostprocessing = 0;
			shellPath = /bin/sh;
			shellScript = "diff \"${PODS_PODFILE_DIR_PATH}/Podfile.lock\" \"${PODS_ROOT}/Manifest.lock\" > /dev/null\nif [ $? != 0 ] ; then\n    # print error to STDERR\n    echo \"error: The sandbox is not in sync with the Podfile.lock. Run 'pod install' or update your CocoaPods installation.\" >&2\n    exit 1\nfi\n# This output is used by Xcode 'outputs' to avoid re-running this script phase.\necho \"SUCCESS\" > \"${SCRIPT_OUTPUT_FILE_0}\"\n";
			showEnvVarsInLog = 0;
		};
/* End PBXShellScriptBuildPhase section */

/* Begin PBXSourcesBuildPhase section */
		BFBAF738278E1F61004B80EB /* Sources */ = {
			isa = PBXSourcesBuildPhase;
			buildActionMask = 2147483647;
			files = (
				BF5B6B1B2797B3B7000BFFF5 /* AddBikeViewController.swift in Sources */,
				BF5B6B192797B396000BFFF5 /* LoginViewController.swift in Sources */,
				BFBAF744278E1F61004B80EB /* ViewController.swift in Sources */,
				BFBAF740278E1F61004B80EB /* AppDelegate.swift in Sources */,
				BF5B6B1D2797B3CA000BFFF5 /* BikeDetailViewController.swift in Sources */,
				BFBAF742278E1F61004B80EB /* SceneDelegate.swift in Sources */,
				BF5B6B232797B3FF000BFFF5 /* ProfileViewController.swift in Sources */,
				BF5B6B212797B3EA000BFFF5 /* ListViewController.swift in Sources */,
				BF5B6B1F2797B3D7000BFFF5 /* MapViewController.swift in Sources */,
			);
			runOnlyForDeploymentPostprocessing = 0;
		};
		BFBAF74E278E1F64004B80EB /* Sources */ = {
			isa = PBXSourcesBuildPhase;
			buildActionMask = 2147483647;
			files = (
				BFBAF757278E1F64004B80EB /* Bike_KollectiveTests.swift in Sources */,
			);
			runOnlyForDeploymentPostprocessing = 0;
		};
		BFBAF758278E1F64004B80EB /* Sources */ = {
			isa = PBXSourcesBuildPhase;
			buildActionMask = 2147483647;
			files = (
				BFBAF761278E1F64004B80EB /* Bike_KollectiveUITests.swift in Sources */,
				BFBAF763278E1F64004B80EB /* Bike_KollectiveUITestsLaunchTests.swift in Sources */,
			);
			runOnlyForDeploymentPostprocessing = 0;
		};
/* End PBXSourcesBuildPhase section */

/* Begin PBXTargetDependency section */
		BFBAF754278E1F64004B80EB /* PBXTargetDependency */ = {
			isa = PBXTargetDependency;
			target = BFBAF73B278E1F61004B80EB /* Bike Kollective */;
			targetProxy = BFBAF753278E1F64004B80EB /* PBXContainerItemProxy */;
		};
		BFBAF75E278E1F64004B80EB /* PBXTargetDependency */ = {
			isa = PBXTargetDependency;
			target = BFBAF73B278E1F61004B80EB /* Bike Kollective */;
			targetProxy = BFBAF75D278E1F64004B80EB /* PBXContainerItemProxy */;
		};
/* End PBXTargetDependency section */

/* Begin PBXVariantGroup section */
		BFBAF745278E1F61004B80EB /* Main.storyboard */ = {
			isa = PBXVariantGroup;
			children = (
				BFBAF746278E1F61004B80EB /* Base */,
			);
			name = Main.storyboard;
			sourceTree = "<group>";
		};
		BFBAF74A278E1F64004B80EB /* LaunchScreen.storyboard */ = {
			isa = PBXVariantGroup;
			children = (
				BFBAF74B278E1F64004B80EB /* Base */,
			);
			name = LaunchScreen.storyboard;
			sourceTree = "<group>";
		};
/* End PBXVariantGroup section */

/* Begin XCBuildConfiguration section */
		BFBAF764278E1F64004B80EB /* Debug */ = {
			isa = XCBuildConfiguration;
			buildSettings = {
				ALWAYS_SEARCH_USER_PATHS = NO;
				CLANG_ANALYZER_NONNULL = YES;
				CLANG_ANALYZER_NUMBER_OBJECT_CONVERSION = YES_AGGRESSIVE;
				CLANG_CXX_LANGUAGE_STANDARD = "gnu++17";
				CLANG_CXX_LIBRARY = "libc++";
				CLANG_ENABLE_MODULES = YES;
				CLANG_ENABLE_OBJC_ARC = YES;
				CLANG_ENABLE_OBJC_WEAK = YES;
				CLANG_WARN_BLOCK_CAPTURE_AUTORELEASING = YES;
				CLANG_WARN_BOOL_CONVERSION = YES;
				CLANG_WARN_COMMA = YES;
				CLANG_WARN_CONSTANT_CONVERSION = YES;
				CLANG_WARN_DEPRECATED_OBJC_IMPLEMENTATIONS = YES;
				CLANG_WARN_DIRECT_OBJC_ISA_USAGE = YES_ERROR;
				CLANG_WARN_DOCUMENTATION_COMMENTS = YES;
				CLANG_WARN_EMPTY_BODY = YES;
				CLANG_WARN_ENUM_CONVERSION = YES;
				CLANG_WARN_INFINITE_RECURSION = YES;
				CLANG_WARN_INT_CONVERSION = YES;
				CLANG_WARN_NON_LITERAL_NULL_CONVERSION = YES;
				CLANG_WARN_OBJC_IMPLICIT_RETAIN_SELF = YES;
				CLANG_WARN_OBJC_LITERAL_CONVERSION = YES;
				CLANG_WARN_OBJC_ROOT_CLASS = YES_ERROR;
				CLANG_WARN_QUOTED_INCLUDE_IN_FRAMEWORK_HEADER = YES;
				CLANG_WARN_RANGE_LOOP_ANALYSIS = YES;
				CLANG_WARN_STRICT_PROTOTYPES = YES;
				CLANG_WARN_SUSPICIOUS_MOVE = YES;
				CLANG_WARN_UNGUARDED_AVAILABILITY = YES_AGGRESSIVE;
				CLANG_WARN_UNREACHABLE_CODE = YES;
				CLANG_WARN__DUPLICATE_METHOD_MATCH = YES;
				COPY_PHASE_STRIP = NO;
				DEBUG_INFORMATION_FORMAT = dwarf;
				ENABLE_STRICT_OBJC_MSGSEND = YES;
				ENABLE_TESTABILITY = YES;
				GCC_C_LANGUAGE_STANDARD = gnu11;
				GCC_DYNAMIC_NO_PIC = NO;
				GCC_NO_COMMON_BLOCKS = YES;
				GCC_OPTIMIZATION_LEVEL = 0;
				GCC_PREPROCESSOR_DEFINITIONS = (
					"DEBUG=1",
					"$(inherited)",
				);
				GCC_WARN_64_TO_32_BIT_CONVERSION = YES;
				GCC_WARN_ABOUT_RETURN_TYPE = YES_ERROR;
				GCC_WARN_UNDECLARED_SELECTOR = YES;
				GCC_WARN_UNINITIALIZED_AUTOS = YES_AGGRESSIVE;
				GCC_WARN_UNUSED_FUNCTION = YES;
				GCC_WARN_UNUSED_VARIABLE = YES;
				IPHONEOS_DEPLOYMENT_TARGET = 15.0;
				MTL_ENABLE_DEBUG_INFO = INCLUDE_SOURCE;
				MTL_FAST_MATH = YES;
				ONLY_ACTIVE_ARCH = YES;
				SDKROOT = iphoneos;
				SWIFT_ACTIVE_COMPILATION_CONDITIONS = DEBUG;
				SWIFT_OPTIMIZATION_LEVEL = "-Onone";
			};
			name = Debug;
		};
		BFBAF765278E1F64004B80EB /* Release */ = {
			isa = XCBuildConfiguration;
			buildSettings = {
				ALWAYS_SEARCH_USER_PATHS = NO;
				CLANG_ANALYZER_NONNULL = YES;
				CLANG_ANALYZER_NUMBER_OBJECT_CONVERSION = YES_AGGRESSIVE;
				CLANG_CXX_LANGUAGE_STANDARD = "gnu++17";
				CLANG_CXX_LIBRARY = "libc++";
				CLANG_ENABLE_MODULES = YES;
				CLANG_ENABLE_OBJC_ARC = YES;
				CLANG_ENABLE_OBJC_WEAK = YES;
				CLANG_WARN_BLOCK_CAPTURE_AUTORELEASING = YES;
				CLANG_WARN_BOOL_CONVERSION = YES;
				CLANG_WARN_COMMA = YES;
				CLANG_WARN_CONSTANT_CONVERSION = YES;
				CLANG_WARN_DEPRECATED_OBJC_IMPLEMENTATIONS = YES;
				CLANG_WARN_DIRECT_OBJC_ISA_USAGE = YES_ERROR;
				CLANG_WARN_DOCUMENTATION_COMMENTS = YES;
				CLANG_WARN_EMPTY_BODY = YES;
				CLANG_WARN_ENUM_CONVERSION = YES;
				CLANG_WARN_INFINITE_RECURSION = YES;
				CLANG_WARN_INT_CONVERSION = YES;
				CLANG_WARN_NON_LITERAL_NULL_CONVERSION = YES;
				CLANG_WARN_OBJC_IMPLICIT_RETAIN_SELF = YES;
				CLANG_WARN_OBJC_LITERAL_CONVERSION = YES;
				CLANG_WARN_OBJC_ROOT_CLASS = YES_ERROR;
				CLANG_WARN_QUOTED_INCLUDE_IN_FRAMEWORK_HEADER = YES;
				CLANG_WARN_RANGE_LOOP_ANALYSIS = YES;
				CLANG_WARN_STRICT_PROTOTYPES = YES;
				CLANG_WARN_SUSPICIOUS_MOVE = YES;
				CLANG_WARN_UNGUARDED_AVAILABILITY = YES_AGGRESSIVE;
				CLANG_WARN_UNREACHABLE_CODE = YES;
				CLANG_WARN__DUPLICATE_METHOD_MATCH = YES;
				COPY_PHASE_STRIP = NO;
				DEBUG_INFORMATION_FORMAT = "dwarf-with-dsym";
				ENABLE_NS_ASSERTIONS = NO;
				ENABLE_STRICT_OBJC_MSGSEND = YES;
				GCC_C_LANGUAGE_STANDARD = gnu11;
				GCC_NO_COMMON_BLOCKS = YES;
				GCC_WARN_64_TO_32_BIT_CONVERSION = YES;
				GCC_WARN_ABOUT_RETURN_TYPE = YES_ERROR;
				GCC_WARN_UNDECLARED_SELECTOR = YES;
				GCC_WARN_UNINITIALIZED_AUTOS = YES_AGGRESSIVE;
				GCC_WARN_UNUSED_FUNCTION = YES;
				GCC_WARN_UNUSED_VARIABLE = YES;
				IPHONEOS_DEPLOYMENT_TARGET = 15.0;
				MTL_ENABLE_DEBUG_INFO = NO;
				MTL_FAST_MATH = YES;
				SDKROOT = iphoneos;
				SWIFT_COMPILATION_MODE = wholemodule;
				SWIFT_OPTIMIZATION_LEVEL = "-O";
				VALIDATE_PRODUCT = YES;
			};
			name = Release;
		};
		BFBAF767278E1F64004B80EB /* Debug */ = {
			isa = XCBuildConfiguration;
			baseConfigurationReference = 959F5D8A64CF507087BCB6E0 /* Pods-Bike Kollective.debug.xcconfig */;
			buildSettings = {
				ASSETCATALOG_COMPILER_APPICON_NAME = AppIcon;
				ASSETCATALOG_COMPILER_GLOBAL_ACCENT_COLOR_NAME = AccentColor;
				CODE_SIGN_STYLE = Automatic;
				CURRENT_PROJECT_VERSION = 1;
				DEVELOPMENT_TEAM = GZP2CMCCN6;
				GENERATE_INFOPLIST_FILE = YES;
				INFOPLIST_FILE = "Bike Kollective/Info.plist";
				INFOPLIST_KEY_UIApplicationSupportsIndirectInputEvents = YES;
				INFOPLIST_KEY_UILaunchStoryboardName = LaunchScreen;
				INFOPLIST_KEY_UIMainStoryboardFile = Main;
				INFOPLIST_KEY_UISupportedInterfaceOrientations_iPad = "UIInterfaceOrientationPortrait UIInterfaceOrientationPortraitUpsideDown UIInterfaceOrientationLandscapeLeft UIInterfaceOrientationLandscapeRight";
				INFOPLIST_KEY_UISupportedInterfaceOrientations_iPhone = "UIInterfaceOrientationPortrait UIInterfaceOrientationLandscapeLeft UIInterfaceOrientationLandscapeRight";
				LD_RUNPATH_SEARCH_PATHS = (
					"$(inherited)",
					"@executable_path/Frameworks",
				);
				MARKETING_VERSION = 1.0;
				PRODUCT_BUNDLE_IDENTIFIER = "com.capstone.Bike-Kollective";
				PRODUCT_NAME = "$(TARGET_NAME)";
				SWIFT_EMIT_LOC_STRINGS = YES;
				SWIFT_VERSION = 5.0;
				TARGETED_DEVICE_FAMILY = "1,2";
			};
			name = Debug;
		};
		BFBAF768278E1F64004B80EB /* Release */ = {
			isa = XCBuildConfiguration;
			baseConfigurationReference = 07AF57D97A281221BD36FF47 /* Pods-Bike Kollective.release.xcconfig */;
			buildSettings = {
				ASSETCATALOG_COMPILER_APPICON_NAME = AppIcon;
				ASSETCATALOG_COMPILER_GLOBAL_ACCENT_COLOR_NAME = AccentColor;
				CODE_SIGN_STYLE = Automatic;
				CURRENT_PROJECT_VERSION = 1;
				DEVELOPMENT_TEAM = GZP2CMCCN6;
				GENERATE_INFOPLIST_FILE = YES;
				INFOPLIST_FILE = "Bike Kollective/Info.plist";
				INFOPLIST_KEY_UIApplicationSupportsIndirectInputEvents = YES;
				INFOPLIST_KEY_UILaunchStoryboardName = LaunchScreen;
				INFOPLIST_KEY_UIMainStoryboardFile = Main;
				INFOPLIST_KEY_UISupportedInterfaceOrientations_iPad = "UIInterfaceOrientationPortrait UIInterfaceOrientationPortraitUpsideDown UIInterfaceOrientationLandscapeLeft UIInterfaceOrientationLandscapeRight";
				INFOPLIST_KEY_UISupportedInterfaceOrientations_iPhone = "UIInterfaceOrientationPortrait UIInterfaceOrientationLandscapeLeft UIInterfaceOrientationLandscapeRight";
				LD_RUNPATH_SEARCH_PATHS = (
					"$(inherited)",
					"@executable_path/Frameworks",
				);
				MARKETING_VERSION = 1.0;
				PRODUCT_BUNDLE_IDENTIFIER = "com.capstone.Bike-Kollective";
				PRODUCT_NAME = "$(TARGET_NAME)";
				SWIFT_EMIT_LOC_STRINGS = YES;
				SWIFT_VERSION = 5.0;
				TARGETED_DEVICE_FAMILY = "1,2";
			};
			name = Release;
		};
		BFBAF76A278E1F64004B80EB /* Debug */ = {
			isa = XCBuildConfiguration;
			baseConfigurationReference = 0AE13823124896B96B139712 /* Pods-Bike KollectiveTests.debug.xcconfig */;
			buildSettings = {
				ALWAYS_EMBED_SWIFT_STANDARD_LIBRARIES = YES;
				BUNDLE_LOADER = "$(TEST_HOST)";
				CODE_SIGN_STYLE = Automatic;
				CURRENT_PROJECT_VERSION = 1;
				DEVELOPMENT_TEAM = GZP2CMCCN6;
				GENERATE_INFOPLIST_FILE = YES;
				IPHONEOS_DEPLOYMENT_TARGET = 15.0;
				LD_RUNPATH_SEARCH_PATHS = (
					"$(inherited)",
					"@executable_path/Frameworks",
					"@loader_path/Frameworks",
				);
				MARKETING_VERSION = 1.0;
				PRODUCT_BUNDLE_IDENTIFIER = "com.capstone.Bike-KollectiveTests";
				PRODUCT_NAME = "$(TARGET_NAME)";
				SWIFT_EMIT_LOC_STRINGS = NO;
				SWIFT_VERSION = 5.0;
				TARGETED_DEVICE_FAMILY = "1,2";
				TEST_HOST = "$(BUILT_PRODUCTS_DIR)/Bike Kollective.app/Bike Kollective";
			};
			name = Debug;
		};
		BFBAF76B278E1F64004B80EB /* Release */ = {
			isa = XCBuildConfiguration;
			baseConfigurationReference = 7A107A8875D5BC03E34681CB /* Pods-Bike KollectiveTests.release.xcconfig */;
			buildSettings = {
				ALWAYS_EMBED_SWIFT_STANDARD_LIBRARIES = YES;
				BUNDLE_LOADER = "$(TEST_HOST)";
				CODE_SIGN_STYLE = Automatic;
				CURRENT_PROJECT_VERSION = 1;
				DEVELOPMENT_TEAM = GZP2CMCCN6;
				GENERATE_INFOPLIST_FILE = YES;
				IPHONEOS_DEPLOYMENT_TARGET = 15.0;
				LD_RUNPATH_SEARCH_PATHS = (
					"$(inherited)",
					"@executable_path/Frameworks",
					"@loader_path/Frameworks",
				);
				MARKETING_VERSION = 1.0;
				PRODUCT_BUNDLE_IDENTIFIER = "com.capstone.Bike-KollectiveTests";
				PRODUCT_NAME = "$(TARGET_NAME)";
				SWIFT_EMIT_LOC_STRINGS = NO;
				SWIFT_VERSION = 5.0;
				TARGETED_DEVICE_FAMILY = "1,2";
				TEST_HOST = "$(BUILT_PRODUCTS_DIR)/Bike Kollective.app/Bike Kollective";
			};
			name = Release;
		};
		BFBAF76D278E1F64004B80EB /* Debug */ = {
			isa = XCBuildConfiguration;
			baseConfigurationReference = C2C798E3B90ADEC242DA3179 /* Pods-Bike Kollective-Bike KollectiveUITests.debug.xcconfig */;
			buildSettings = {
				ALWAYS_EMBED_SWIFT_STANDARD_LIBRARIES = YES;
				CODE_SIGN_STYLE = Automatic;
				CURRENT_PROJECT_VERSION = 1;
				DEVELOPMENT_TEAM = GZP2CMCCN6;
				GENERATE_INFOPLIST_FILE = YES;
				LD_RUNPATH_SEARCH_PATHS = (
					"$(inherited)",
					"@executable_path/Frameworks",
					"@loader_path/Frameworks",
				);
				MARKETING_VERSION = 1.0;
				PRODUCT_BUNDLE_IDENTIFIER = "com.capstone.Bike-KollectiveUITests";
				PRODUCT_NAME = "$(TARGET_NAME)";
				SWIFT_EMIT_LOC_STRINGS = NO;
				SWIFT_VERSION = 5.0;
				TARGETED_DEVICE_FAMILY = "1,2";
				TEST_TARGET_NAME = "Bike Kollective";
			};
			name = Debug;
		};
		BFBAF76E278E1F64004B80EB /* Release */ = {
			isa = XCBuildConfiguration;
			baseConfigurationReference = 8BD6AA0C032BA90F821A6824 /* Pods-Bike Kollective-Bike KollectiveUITests.release.xcconfig */;
			buildSettings = {
				ALWAYS_EMBED_SWIFT_STANDARD_LIBRARIES = YES;
				CODE_SIGN_STYLE = Automatic;
				CURRENT_PROJECT_VERSION = 1;
				DEVELOPMENT_TEAM = GZP2CMCCN6;
				GENERATE_INFOPLIST_FILE = YES;
				LD_RUNPATH_SEARCH_PATHS = (
					"$(inherited)",
					"@executable_path/Frameworks",
					"@loader_path/Frameworks",
				);
				MARKETING_VERSION = 1.0;
				PRODUCT_BUNDLE_IDENTIFIER = "com.capstone.Bike-KollectiveUITests";
				PRODUCT_NAME = "$(TARGET_NAME)";
				SWIFT_EMIT_LOC_STRINGS = NO;
				SWIFT_VERSION = 5.0;
				TARGETED_DEVICE_FAMILY = "1,2";
				TEST_TARGET_NAME = "Bike Kollective";
			};
			name = Release;
		};
/* End XCBuildConfiguration section */

/* Begin XCConfigurationList section */
		BFBAF737278E1F61004B80EB /* Build configuration list for PBXProject "Bike Kollective" */ = {
			isa = XCConfigurationList;
			buildConfigurations = (
				BFBAF764278E1F64004B80EB /* Debug */,
				BFBAF765278E1F64004B80EB /* Release */,
			);
			defaultConfigurationIsVisible = 0;
			defaultConfigurationName = Release;
		};
		BFBAF766278E1F64004B80EB /* Build configuration list for PBXNativeTarget "Bike Kollective" */ = {
			isa = XCConfigurationList;
			buildConfigurations = (
				BFBAF767278E1F64004B80EB /* Debug */,
				BFBAF768278E1F64004B80EB /* Release */,
			);
			defaultConfigurationIsVisible = 0;
			defaultConfigurationName = Release;
		};
		BFBAF769278E1F64004B80EB /* Build configuration list for PBXNativeTarget "Bike KollectiveTests" */ = {
			isa = XCConfigurationList;
			buildConfigurations = (
				BFBAF76A278E1F64004B80EB /* Debug */,
				BFBAF76B278E1F64004B80EB /* Release */,
			);
			defaultConfigurationIsVisible = 0;
			defaultConfigurationName = Release;
		};
		BFBAF76C278E1F64004B80EB /* Build configuration list for PBXNativeTarget "Bike KollectiveUITests" */ = {
			isa = XCConfigurationList;
			buildConfigurations = (
				BFBAF76D278E1F64004B80EB /* Debug */,
				BFBAF76E278E1F64004B80EB /* Release */,
			);
			defaultConfigurationIsVisible = 0;
			defaultConfigurationName = Release;
		};
/* End XCConfigurationList section */
	};
	rootObject = BFBAF734278E1F61004B80EB /* Project object */;
}
